// !$*UTF8*$!
{
	archiveVersion = 1;
	classes = {
	};
	objectVersion = 50;
	objects = {

/* Begin PBXBuildFile section */
		1159893C2276F72500D163DF /* AppDelegate.swift in Sources */ = {isa = PBXBuildFile; fileRef = 1159893B2276F72500D163DF /* AppDelegate.swift */; };
		1159893E2276F72500D163DF /* ViewController.swift in Sources */ = {isa = PBXBuildFile; fileRef = 1159893D2276F72500D163DF /* ViewController.swift */; };
		115989412276F72500D163DF /* Main.storyboard in Resources */ = {isa = PBXBuildFile; fileRef = 1159893F2276F72500D163DF /* Main.storyboard */; };
		115989432276F72800D163DF /* Assets.xcassets in Resources */ = {isa = PBXBuildFile; fileRef = 115989422276F72800D163DF /* Assets.xcassets */; };
		115989462276F72800D163DF /* LaunchScreen.storyboard in Resources */ = {isa = PBXBuildFile; fileRef = 115989442276F72800D163DF /* LaunchScreen.storyboard */; };
		1159894E22770A9400D163DF /* doublse.jpg in Resources */ = {isa = PBXBuildFile; fileRef = 1159894D22770A9400D163DF /* doublse.jpg */; };
		115989502277262500D163DF /* Images.xcassets in Resources */ = {isa = PBXBuildFile; fileRef = 1159894F2277262500D163DF /* Images.xcassets */; };
/* End PBXBuildFile section */

/* Begin PBXFileReference section */
		115989382276F72500D163DF /* ShuffleDoubles.app */ = {isa = PBXFileReference; explicitFileType = wrapper.application; includeInIndex = 0; path = ShuffleDoubles.app; sourceTree = BUILT_PRODUCTS_DIR; };
		1159893B2276F72500D163DF /* AppDelegate.swift */ = {isa = PBXFileReference; lastKnownFileType = sourcecode.swift; path = AppDelegate.swift; sourceTree = "<group>"; };
		1159893D2276F72500D163DF /* ViewController.swift */ = {isa = PBXFileReference; lastKnownFileType = sourcecode.swift; path = ViewController.swift; sourceTree = "<group>"; };
		115989402276F72500D163DF /* Base */ = {isa = PBXFileReference; lastKnownFileType = file.storyboard; name = Base; path = Base.lproj/Main.storyboard; sourceTree = "<group>"; };
		115989422276F72800D163DF /* Assets.xcassets */ = {isa = PBXFileReference; lastKnownFileType = folder.assetcatalog; path = Assets.xcassets; sourceTree = "<group>"; };
		115989452276F72800D163DF /* Base */ = {isa = PBXFileReference; lastKnownFileType = file.storyboard; name = Base; path = Base.lproj/LaunchScreen.storyboard; sourceTree = "<group>"; };
		115989472276F72800D163DF /* Info.plist */ = {isa = PBXFileReference; lastKnownFileType = text.plist.xml; path = Info.plist; sourceTree = "<group>"; };
		1159894D22770A9400D163DF /* doublse.jpg */ = {isa = PBXFileReference; lastKnownFileType = image.jpeg; path = doublse.jpg; sourceTree = "<group>"; };
		1159894F2277262500D163DF /* Images.xcassets */ = {isa = PBXFileReference; lastKnownFileType = folder.assetcatalog; path = Images.xcassets; sourceTree = "<group>"; };
/* End PBXFileReference section */

/* Begin PBXFrameworksBuildPhase section */
		115989352276F72500D163DF /* Frameworks */ = {
			isa = PBXFrameworksBuildPhase;
			buildActionMask = 2147483647;
			files = (
			);
			runOnlyForDeploymentPostprocessing = 0;
		};
/* End PBXFrameworksBuildPhase section */

/* Begin PBXGroup section */
		1159892F2276F72500D163DF = {
			isa = PBXGroup;
			children = (
				1159893A2276F72500D163DF /* ShuffleDoubles */,
				115989392276F72500D163DF /* Products */,
			);
			sourceTree = "<group>";
		};
		115989392276F72500D163DF /* Products */ = {
			isa = PBXGroup;
			children = (
				115989382276F72500D163DF /* ShuffleDoubles.app */,
			);
			name = Products;
			sourceTree = "<group>";
		};
		1159893A2276F72500D163DF /* ShuffleDoubles */ = {
			isa = PBXGroup;
			children = (
				1159893B2276F72500D163DF /* AppDelegate.swift */,
				1159893D2276F72500D163DF /* ViewController.swift */,
				1159893F2276F72500D163DF /* Main.storyboard */,
				115989422276F72800D163DF /* Assets.xcassets */,
				115989442276F72800D163DF /* LaunchScreen.storyboard */,
				115989472276F72800D163DF /* Info.plist */,
				1159894D22770A9400D163DF /* doublse.jpg */,
				1159894F2277262500D163DF /* Images.xcassets */,
			);
			path = ShuffleDoubles;
			sourceTree = "<group>";
		};
/* End PBXGroup section */

/* Begin PBXNativeTarget section */
		115989372276F72500D163DF /* ShuffleDoubles */ = {
			isa = PBXNativeTarget;
			buildConfigurationList = 1159894A2276F72800D163DF /* Build configuration list for PBXNativeTarget "ShuffleDoubles" */;
			buildPhases = (
				115989342276F72500D163DF /* Sources */,
				115989352276F72500D163DF /* Frameworks */,
				115989362276F72500D163DF /* Resources */,
			);
			buildRules = (
			);
			dependencies = (
			);
			name = ShuffleDoubles;
			productName = ShuffleDoubles;
			productReference = 115989382276F72500D163DF /* ShuffleDoubles.app */;
			productType = "com.apple.product-type.application";
		};
/* End PBXNativeTarget section */

/* Begin PBXProject section */
		115989302276F72500D163DF /* Project object */ = {
			isa = PBXProject;
			attributes = {
				LastSwiftUpdateCheck = 1020;
				LastUpgradeCheck = 1020;
				ORGANIZATIONNAME = "夏目 崇";
				TargetAttributes = {
					115989372276F72500D163DF = {
						CreatedOnToolsVersion = 10.2.1;
					};
				};
			};
			buildConfigurationList = 115989332276F72500D163DF /* Build configuration list for PBXProject "ShuffleDoubles" */;
			compatibilityVersion = "Xcode 9.3";
			developmentRegion = en;
			hasScannedForEncodings = 0;
			knownRegions = (
				en,
				Base,
			);
			mainGroup = 1159892F2276F72500D163DF;
			productRefGroup = 115989392276F72500D163DF /* Products */;
			projectDirPath = "";
			projectRoot = "";
			targets = (
				115989372276F72500D163DF /* ShuffleDoubles */,
			);
		};
/* End PBXProject section */

/* Begin PBXResourcesBuildPhase section */
		115989362276F72500D163DF /* Resources */ = {
			isa = PBXResourcesBuildPhase;
			buildActionMask = 2147483647;
			files = (
				1159894E22770A9400D163DF /* doublse.jpg in Resources */,
				115989502277262500D163DF /* Images.xcassets in Resources */,
				115989462276F72800D163DF /* LaunchScreen.storyboard in Resources */,
				115989432276F72800D163DF /* Assets.xcassets in Resources */,
				115989412276F72500D163DF /* Main.storyboard in Resources */,
			);
			runOnlyForDeploymentPostprocessing = 0;
		};
/* End PBXResourcesBuildPhase section */

/* Begin PBXSourcesBuildPhase section */
		115989342276F72500D163DF /* Sources */ = {
			isa = PBXSourcesBuildPhase;
			buildActionMask = 2147483647;
			files = (
				1159893E2276F72500D163DF /* ViewController.swift in Sources */,
				1159893C2276F72500D163DF /* AppDelegate.swift in Sources */,
			);
			runOnlyForDeploymentPostprocessing = 0;
		};
/* End PBXSourcesBuildPhase section */

/* Begin PBXVariantGroup section */
		1159893F2276F72500D163DF /* Main.storyboard */ = {
			isa = PBXVariantGroup;
			children = (
				115989402276F72500D163DF /* Base */,
			);
			name = Main.storyboard;
			sourceTree = "<group>";
		};
		115989442276F72800D163DF /* LaunchScreen.storyboard */ = {
			isa = PBXVariantGroup;
			children = (
				115989452276F72800D163DF /* Base */,
			);
			name = LaunchScreen.storyboard;
			sourceTree = "<group>";
		};
/* End PBXVariantGroup section */

/* Begin XCBuildConfiguration section */
		115989482276F72800D163DF /* Debug */ = {
			isa = XCBuildConfiguration;
			buildSettings = {
				ALWAYS_SEARCH_USER_PATHS = NO;
				CLANG_ANALYZER_NONNULL = YES;
				CLANG_ANALYZER_NUMBER_OBJECT_CONVERSION = YES_AGGRESSIVE;
				CLANG_CXX_LANGUAGE_STANDARD = "gnu++14";
				CLANG_CXX_LIBRARY = "libc++";
				CLANG_ENABLE_MODULES = YES;
				CLANG_ENABLE_OBJC_ARC = YES;
				CLANG_ENABLE_OBJC_WEAK = YES;
				CLANG_WARN_BLOCK_CAPTURE_AUTORELEASING = YES;
				CLANG_WARN_BOOL_CONVERSION = YES;
				CLANG_WARN_COMMA = YES;
				CLANG_WARN_CONSTANT_CONVERSION = YES;
				CLANG_WARN_DEPRECATED_OBJC_IMPLEMENTATIONS = YES;
				CLANG_WARN_DIRECT_OBJC_ISA_USAGE = YES_ERROR;
				CLANG_WARN_DOCUMENTATION_COMMENTS = YES;
				CLANG_WARN_EMPTY_BODY = YES;
				CLANG_WARN_ENUM_CONVERSION = YES;
				CLANG_WARN_INFINITE_RECURSION = YES;
				CLANG_WARN_INT_CONVERSION = YES;
				CLANG_WARN_NON_LITERAL_NULL_CONVERSION = YES;
				CLANG_WARN_OBJC_IMPLICIT_RETAIN_SELF = YES;
				CLANG_WARN_OBJC_LITERAL_CONVERSION = YES;
				CLANG_WARN_OBJC_ROOT_CLASS = YES_ERROR;
				CLANG_WARN_RANGE_LOOP_ANALYSIS = YES;
				CLANG_WARN_STRICT_PROTOTYPES = YES;
				CLANG_WARN_SUSPICIOUS_MOVE = YES;
				CLANG_WARN_UNGUARDED_AVAILABILITY = YES_AGGRESSIVE;
				CLANG_WARN_UNREACHABLE_CODE = YES;
				CLANG_WARN__DUPLICATE_METHOD_MATCH = YES;
				CODE_SIGN_IDENTITY = "iPhone Developer";
				COPY_PHASE_STRIP = NO;
				DEBUG_INFORMATION_FORMAT = dwarf;
				ENABLE_STRICT_OBJC_MSGSEND = YES;
				ENABLE_TESTABILITY = YES;
				GCC_C_LANGUAGE_STANDARD = gnu11;
				GCC_DYNAMIC_NO_PIC = NO;
				GCC_NO_COMMON_BLOCKS = YES;
				GCC_OPTIMIZATION_LEVEL = 0;
				GCC_PREPROCESSOR_DEFINITIONS = (
					"DEBUG=1",
					"$(inherited)",
				);
				GCC_WARN_64_TO_32_BIT_CONVERSION = YES;
				GCC_WARN_ABOUT_RETURN_TYPE = YES_ERROR;
				GCC_WARN_UNDECLARED_SELECTOR = YES;
				GCC_WARN_UNINITIALIZED_AUTOS = YES_AGGRESSIVE;
				GCC_WARN_UNUSED_FUNCTION = YES;
				GCC_WARN_UNUSED_VARIABLE = YES;
				IPHONEOS_DEPLOYMENT_TARGET = 12.2;
				MTL_ENABLE_DEBUG_INFO = INCLUDE_SOURCE;
				MTL_FAST_MATH = YES;
				ONLY_ACTIVE_ARCH = YES;
				SDKROOT = iphoneos;
				SWIFT_ACTIVE_COMPILATION_CONDITIONS = DEBUG;
				SWIFT_OPTIMIZATION_LEVEL = "-Onone";
			};
			name = Debug;
		};
		115989492276F72800D163DF /* Release */ = {
			isa = XCBuildConfiguration;
			buildSettings = {
				ALWAYS_SEARCH_USER_PATHS = NO;
				CLANG_ANALYZER_NONNULL = YES;
				CLANG_ANALYZER_NUMBER_OBJECT_CONVERSION = YES_AGGRESSIVE;
				CLANG_CXX_LANGUAGE_STANDARD = "gnu++14";
				CLANG_CXX_LIBRARY = "libc++";
				CLANG_ENABLE_MODULES = YES;
				CLANG_ENABLE_OBJC_ARC = YES;
				CLANG_ENABLE_OBJC_WEAK = YES;
				CLANG_WARN_BLOCK_CAPTURE_AUTORELEASING = YES;
				CLANG_WARN_BOOL_CONVERSION = YES;
				CLANG_WARN_COMMA = YES;
				CLANG_WARN_CONSTANT_CONVERSION = YES;
				CLANG_WARN_DEPRECATED_OBJC_IMPLEMENTATIONS = YES;
				CLANG_WARN_DIRECT_OBJC_ISA_USAGE = YES_ERROR;
				CLANG_WARN_DOCUMENTATION_COMMENTS = YES;
				CLANG_WARN_EMPTY_BODY = YES;
				CLANG_WARN_ENUM_CONVERSION = YES;
				CLANG_WARN_INFINITE_RECURSION = YES;
				CLANG_WARN_INT_CONVERSION = YES;
				CLANG_WARN_NON_LITERAL_NULL_CONVERSION = YES;
				CLANG_WARN_OBJC_IMPLICIT_RETAIN_SELF = YES;
				CLANG_WARN_OBJC_LITERAL_CONVERSION = YES;
				CLANG_WARN_OBJC_ROOT_CLASS = YES_ERROR;
				CLANG_WARN_RANGE_LOOP_ANALYSIS = YES;
				CLANG_WARN_STRICT_PROTOTYPES = YES;
				CLANG_WARN_SUSPICIOUS_MOVE = YES;
				CLANG_WARN_UNGUARDED_AVAILABILITY = YES_AGGRESSIVE;
				CLANG_WARN_UNREACHABLE_CODE = YES;
				CLANG_WARN__DUPLICATE_METHOD_MATCH = YES;
				CODE_SIGN_IDENTITY = "iPhone Developer";
				COPY_PHASE_STRIP = NO;
				DEBUG_INFORMATION_FORMAT = "dwarf-with-dsym";
				ENABLE_NS_ASSERTIONS = NO;
				ENABLE_STRICT_OBJC_MSGSEND = YES;
				GCC_C_LANGUAGE_STANDARD = gnu11;
				GCC_NO_COMMON_BLOCKS = YES;
				GCC_WARN_64_TO_32_BIT_CONVERSION = YES;
				GCC_WARN_ABOUT_RETURN_TYPE = YES_ERROR;
				GCC_WARN_UNDECLARED_SELECTOR = YES;
				GCC_WARN_UNINITIALIZED_AUTOS = YES_AGGRESSIVE;
				GCC_WARN_UNUSED_FUNCTION = YES;
				GCC_WARN_UNUSED_VARIABLE = YES;
				IPHONEOS_DEPLOYMENT_TARGET = 12.2;
				MTL_ENABLE_DEBUG_INFO = NO;
				MTL_FAST_MATH = YES;
				SDKROOT = iphoneos;
				SWIFT_COMPILATION_MODE = wholemodule;
				SWIFT_OPTIMIZATION_LEVEL = "-O";
				VALIDATE_PRODUCT = YES;
			};
			name = Release;
		};
		1159894B2276F72800D163DF /* Debug */ = {
			isa = XCBuildConfiguration;
			buildSettings = {
				ASSETCATALOG_COMPILER_APPICON_NAME = AppIcon;
				ASSETCATALOG_COMPILER_LAUNCHIMAGE_NAME = LaunchImage;
				CODE_SIGN_STYLE = Automatic;
				DEVELOPMENT_TEAM = RZHCCU9399;
				INFOPLIST_FILE = ShuffleDoubles/Info.plist;
				LD_RUNPATH_SEARCH_PATHS = (
					"$(inherited)",
					"@executable_path/Frameworks",
				);
				PRODUCT_BUNDLE_IDENTIFIER = tnatsume.ShuffleDoubles;
				PRODUCT_NAME = "$(TARGET_NAME)";
				SWIFT_VERSION = 5.0;
				TARGETED_DEVICE_FAMILY = "1,2";
			};
			name = Debug;
		};
		1159894C2276F72800D163DF /* Release */ = {
			isa = XCBuildConfiguration;
			buildSettings = {
				ASSETCATALOG_COMPILER_APPICON_NAME = AppIcon;
				ASSETCATALOG_COMPILER_LAUNCHIMAGE_NAME = LaunchImage;
				CODE_SIGN_STYLE = Automatic;
				DEVELOPMENT_TEAM = RZHCCU9399;
				INFOPLIST_FILE = ShuffleDoubles/Info.plist;
				LD_RUNPATH_SEARCH_PATHS = (
					"$(inherited)",
					"@executable_path/Frameworks",
				);
				PRODUCT_BUNDLE_IDENTIFIER = tnatsume.ShuffleDoubles;
				PRODUCT_NAME = "$(TARGET_NAME)";
				SWIFT_VERSION = 5.0;
				TARGETED_DEVICE_FAMILY = "1,2";
			};
			name = Release;
		};
/* End XCBuildConfiguration section */

/* Begin XCConfigurationList section */
		115989332276F72500D163DF /* Build configuration list for PBXProject "ShuffleDoubles" */ = {
			isa = XCConfigurationList;
			buildConfigurations = (
				115989482276F72800D163DF /* Debug */,
				115989492276F72800D163DF /* Release */,
			);
			defaultConfigurationIsVisible = 0;
			defaultConfigurationName = Release;
		};
		1159894A2276F72800D163DF /* Build configuration list for PBXNativeTarget "ShuffleDoubles" */ = {
			isa = XCConfigurationList;
			buildConfigurations = (
				1159894B2276F72800D163DF /* Debug */,
				1159894C2276F72800D163DF /* Release */,
			);
			defaultConfigurationIsVisible = 0;
			defaultConfigurationName = Release;
		};
/* End XCConfigurationList section */
	};
	rootObject = 115989302276F72500D163DF /* Project object */;
}
